// !$*UTF8*$!
{
	archiveVersion = 1;
	classes = {
	};
	objectVersion = 55;
	objects = {

/* Begin PBXBuildFile section */
		4F1A0225285BC70D007D5C83 /* DetailsViewController.m in Sources */ = {isa = PBXBuildFile; fileRef = 4F1A0224285BC70D007D5C83 /* DetailsViewController.m */; };
		4F1A0228285BEA60007D5C83 /* GridViewController.m in Sources */ = {isa = PBXBuildFile; fileRef = 4F1A0227285BEA60007D5C83 /* GridViewController.m */; };
		4F1A0234285CE414007D5C83 /* MyCollectionViewCell.m in Sources */ = {isa = PBXBuildFile; fileRef = 4F1A0233285CE414007D5C83 /* MyCollectionViewCell.m */; };
		4F1CA8C0285A744300FA5C65 /* MovieViewController.m in Sources */ = {isa = PBXBuildFile; fileRef = 4F1CA8BF285A744300FA5C65 /* MovieViewController.m */; };
		4F1CA8C3285A891000FA5C65 /* myTableViewCell.m in Sources */ = {isa = PBXBuildFile; fileRef = 4F1CA8C2285A891000FA5C65 /* myTableViewCell.m */; };
		4F7AA11D285A4E4800B2A17C /* AppDelegate.m in Sources */ = {isa = PBXBuildFile; fileRef = 4F7AA11C285A4E4800B2A17C /* AppDelegate.m */; };
		4F7AA120285A4E4800B2A17C /* SceneDelegate.m in Sources */ = {isa = PBXBuildFile; fileRef = 4F7AA11F285A4E4800B2A17C /* SceneDelegate.m */; };
		4F7AA126285A4E4800B2A17C /* Main.storyboard in Resources */ = {isa = PBXBuildFile; fileRef = 4F7AA124285A4E4800B2A17C /* Main.storyboard */; };
		4F7AA128285A4E4900B2A17C /* Assets.xcassets in Resources */ = {isa = PBXBuildFile; fileRef = 4F7AA127285A4E4900B2A17C /* Assets.xcassets */; };
		4F7AA12B285A4E4900B2A17C /* LaunchScreen.storyboard in Resources */ = {isa = PBXBuildFile; fileRef = 4F7AA129285A4E4900B2A17C /* LaunchScreen.storyboard */; };
		4F7AA12E285A4E4900B2A17C /* main.m in Sources */ = {isa = PBXBuildFile; fileRef = 4F7AA12D285A4E4900B2A17C /* main.m */; };
		4F7AA138285A4E4900B2A17C /* FlixterTests.m in Sources */ = {isa = PBXBuildFile; fileRef = 4F7AA137285A4E4900B2A17C /* FlixterTests.m */; };
		4F7AA142285A4E4900B2A17C /* FlixterUITests.m in Sources */ = {isa = PBXBuildFile; fileRef = 4F7AA141285A4E4900B2A17C /* FlixterUITests.m */; };
		4F7AA144285A4E4900B2A17C /* FlixterUITestsLaunchTests.m in Sources */ = {isa = PBXBuildFile; fileRef = 4F7AA143285A4E4900B2A17C /* FlixterUITestsLaunchTests.m */; };
		DDCDA7EE52CDD7AF30482002 /* Pods_Flixter.framework in Frameworks */ = {isa = PBXBuildFile; fileRef = 7BC8AEE24651B185AE7ED624 /* Pods_Flixter.framework */; };
		E79410000DC01FEE4609FE5F /* Pods_Flixter_FlixterUITests.framework in Frameworks */ = {isa = PBXBuildFile; fileRef = F9E736E5E2EBDEA3F7474B79 /* Pods_Flixter_FlixterUITests.framework */; };
		F3D8C1DFDB3361760DE7B481 /* Pods_FlixterTests.framework in Frameworks */ = {isa = PBXBuildFile; fileRef = 0040E93AA92AAEDD5AA8D46D /* Pods_FlixterTests.framework */; };
/* End PBXBuildFile section */

/* Begin PBXContainerItemProxy section */
		4F7AA134285A4E4900B2A17C /* PBXContainerItemProxy */ = {
			isa = PBXContainerItemProxy;
			containerPortal = 4F7AA110285A4E4800B2A17C /* Project object */;
			proxyType = 1;
			remoteGlobalIDString = 4F7AA117285A4E4800B2A17C;
			remoteInfo = Flixter;
		};
		4F7AA13E285A4E4900B2A17C /* PBXContainerItemProxy */ = {
			isa = PBXContainerItemProxy;
			containerPortal = 4F7AA110285A4E4800B2A17C /* Project object */;
			proxyType = 1;
			remoteGlobalIDString = 4F7AA117285A4E4800B2A17C;
			remoteInfo = Flixter;
		};
/* End PBXContainerItemProxy section */

/* Begin PBXFileReference section */
		0040E93AA92AAEDD5AA8D46D /* Pods_FlixterTests.framework */ = {isa = PBXFileReference; explicitFileType = wrapper.framework; includeInIndex = 0; path = Pods_FlixterTests.framework; sourceTree = BUILT_PRODUCTS_DIR; };
		063B2CB7B8CBCEC8E3C4D816 /* Pods-FlixterTests.release.xcconfig */ = {isa = PBXFileReference; includeInIndex = 1; lastKnownFileType = text.xcconfig; name = "Pods-FlixterTests.release.xcconfig"; path = "Target Support Files/Pods-FlixterTests/Pods-FlixterTests.release.xcconfig"; sourceTree = "<group>"; };
		4F1A0223285BC70D007D5C83 /* DetailsViewController.h */ = {isa = PBXFileReference; lastKnownFileType = sourcecode.c.h; path = DetailsViewController.h; sourceTree = "<group>"; };
		4F1A0224285BC70D007D5C83 /* DetailsViewController.m */ = {isa = PBXFileReference; lastKnownFileType = sourcecode.c.objc; path = DetailsViewController.m; sourceTree = "<group>"; };
		4F1A0226285BEA60007D5C83 /* GridViewController.h */ = {isa = PBXFileReference; lastKnownFileType = sourcecode.c.h; path = GridViewController.h; sourceTree = "<group>"; };
		4F1A0227285BEA60007D5C83 /* GridViewController.m */ = {isa = PBXFileReference; lastKnownFileType = sourcecode.c.objc; path = GridViewController.m; sourceTree = "<group>"; };
		4F1A0232285CE414007D5C83 /* MyCollectionViewCell.h */ = {isa = PBXFileReference; lastKnownFileType = sourcecode.c.h; path = MyCollectionViewCell.h; sourceTree = "<group>"; };
		4F1A0233285CE414007D5C83 /* MyCollectionViewCell.m */ = {isa = PBXFileReference; lastKnownFileType = sourcecode.c.objc; path = MyCollectionViewCell.m; sourceTree = "<group>"; };
		4F1CA8BE285A744300FA5C65 /* MovieViewController.h */ = {isa = PBXFileReference; lastKnownFileType = sourcecode.c.h; path = MovieViewController.h; sourceTree = "<group>"; };
		4F1CA8BF285A744300FA5C65 /* MovieViewController.m */ = {isa = PBXFileReference; lastKnownFileType = sourcecode.c.objc; path = MovieViewController.m; sourceTree = "<group>"; };
		4F1CA8C1285A891000FA5C65 /* myTableViewCell.h */ = {isa = PBXFileReference; lastKnownFileType = sourcecode.c.h; path = myTableViewCell.h; sourceTree = "<group>"; };
		4F1CA8C2285A891000FA5C65 /* myTableViewCell.m */ = {isa = PBXFileReference; lastKnownFileType = sourcecode.c.objc; path = myTableViewCell.m; sourceTree = "<group>"; };
		4F7AA118285A4E4800B2A17C /* Flixter.app */ = {isa = PBXFileReference; explicitFileType = wrapper.application; includeInIndex = 0; path = Flixter.app; sourceTree = BUILT_PRODUCTS_DIR; };
		4F7AA11B285A4E4800B2A17C /* AppDelegate.h */ = {isa = PBXFileReference; lastKnownFileType = sourcecode.c.h; path = AppDelegate.h; sourceTree = "<group>"; };
		4F7AA11C285A4E4800B2A17C /* AppDelegate.m */ = {isa = PBXFileReference; lastKnownFileType = sourcecode.c.objc; path = AppDelegate.m; sourceTree = "<group>"; };
		4F7AA11E285A4E4800B2A17C /* SceneDelegate.h */ = {isa = PBXFileReference; lastKnownFileType = sourcecode.c.h; path = SceneDelegate.h; sourceTree = "<group>"; };
		4F7AA11F285A4E4800B2A17C /* SceneDelegate.m */ = {isa = PBXFileReference; lastKnownFileType = sourcecode.c.objc; path = SceneDelegate.m; sourceTree = "<group>"; };
		4F7AA125285A4E4800B2A17C /* Base */ = {isa = PBXFileReference; lastKnownFileType = file.storyboard; name = Base; path = Base.lproj/Main.storyboard; sourceTree = "<group>"; };
		4F7AA127285A4E4900B2A17C /* Assets.xcassets */ = {isa = PBXFileReference; lastKnownFileType = folder.assetcatalog; path = Assets.xcassets; sourceTree = "<group>"; };
		4F7AA12A285A4E4900B2A17C /* Base */ = {isa = PBXFileReference; lastKnownFileType = file.storyboard; name = Base; path = Base.lproj/LaunchScreen.storyboard; sourceTree = "<group>"; };
		4F7AA12C285A4E4900B2A17C /* Info.plist */ = {isa = PBXFileReference; lastKnownFileType = text.plist.xml; path = Info.plist; sourceTree = "<group>"; };
		4F7AA12D285A4E4900B2A17C /* main.m */ = {isa = PBXFileReference; lastKnownFileType = sourcecode.c.objc; path = main.m; sourceTree = "<group>"; };
		4F7AA133285A4E4900B2A17C /* FlixterTests.xctest */ = {isa = PBXFileReference; explicitFileType = wrapper.cfbundle; includeInIndex = 0; path = FlixterTests.xctest; sourceTree = BUILT_PRODUCTS_DIR; };
		4F7AA137285A4E4900B2A17C /* FlixterTests.m */ = {isa = PBXFileReference; lastKnownFileType = sourcecode.c.objc; path = FlixterTests.m; sourceTree = "<group>"; };
		4F7AA13D285A4E4900B2A17C /* FlixterUITests.xctest */ = {isa = PBXFileReference; explicitFileType = wrapper.cfbundle; includeInIndex = 0; path = FlixterUITests.xctest; sourceTree = BUILT_PRODUCTS_DIR; };
		4F7AA141285A4E4900B2A17C /* FlixterUITests.m */ = {isa = PBXFileReference; lastKnownFileType = sourcecode.c.objc; path = FlixterUITests.m; sourceTree = "<group>"; };
		4F7AA143285A4E4900B2A17C /* FlixterUITestsLaunchTests.m */ = {isa = PBXFileReference; lastKnownFileType = sourcecode.c.objc; path = FlixterUITestsLaunchTests.m; sourceTree = "<group>"; };
		53F5B124961FF04321A4C1AC /* Pods-FlixterTests.debug.xcconfig */ = {isa = PBXFileReference; includeInIndex = 1; lastKnownFileType = text.xcconfig; name = "Pods-FlixterTests.debug.xcconfig"; path = "Target Support Files/Pods-FlixterTests/Pods-FlixterTests.debug.xcconfig"; sourceTree = "<group>"; };
		5454131B6A3C2A476F3C4F9C /* Pods-Flixter.debug.xcconfig */ = {isa = PBXFileReference; includeInIndex = 1; lastKnownFileType = text.xcconfig; name = "Pods-Flixter.debug.xcconfig"; path = "Target Support Files/Pods-Flixter/Pods-Flixter.debug.xcconfig"; sourceTree = "<group>"; };
		74C359293033909F388D696F /* Pods-Flixter-FlixterUITests.debug.xcconfig */ = {isa = PBXFileReference; includeInIndex = 1; lastKnownFileType = text.xcconfig; name = "Pods-Flixter-FlixterUITests.debug.xcconfig"; path = "Target Support Files/Pods-Flixter-FlixterUITests/Pods-Flixter-FlixterUITests.debug.xcconfig"; sourceTree = "<group>"; };
		7BC8AEE24651B185AE7ED624 /* Pods_Flixter.framework */ = {isa = PBXFileReference; explicitFileType = wrapper.framework; includeInIndex = 0; path = Pods_Flixter.framework; sourceTree = BUILT_PRODUCTS_DIR; };
		99BE3133B66472757F123077 /* Pods-Flixter.release.xcconfig */ = {isa = PBXFileReference; includeInIndex = 1; lastKnownFileType = text.xcconfig; name = "Pods-Flixter.release.xcconfig"; path = "Target Support Files/Pods-Flixter/Pods-Flixter.release.xcconfig"; sourceTree = "<group>"; };
		AACBF1A17D61AF0125402FC7 /* Pods-Flixter-FlixterUITests.release.xcconfig */ = {isa = PBXFileReference; includeInIndex = 1; lastKnownFileType = text.xcconfig; name = "Pods-Flixter-FlixterUITests.release.xcconfig"; path = "Target Support Files/Pods-Flixter-FlixterUITests/Pods-Flixter-FlixterUITests.release.xcconfig"; sourceTree = "<group>"; };
		F9E736E5E2EBDEA3F7474B79 /* Pods_Flixter_FlixterUITests.framework */ = {isa = PBXFileReference; explicitFileType = wrapper.framework; includeInIndex = 0; path = Pods_Flixter_FlixterUITests.framework; sourceTree = BUILT_PRODUCTS_DIR; };
/* End PBXFileReference section */

/* Begin PBXFrameworksBuildPhase section */
		4F7AA115285A4E4800B2A17C /* Frameworks */ = {
			isa = PBXFrameworksBuildPhase;
			buildActionMask = 2147483647;
			files = (
				DDCDA7EE52CDD7AF30482002 /* Pods_Flixter.framework in Frameworks */,
			);
			runOnlyForDeploymentPostprocessing = 0;
		};
		4F7AA130285A4E4900B2A17C /* Frameworks */ = {
			isa = PBXFrameworksBuildPhase;
			buildActionMask = 2147483647;
			files = (
				F3D8C1DFDB3361760DE7B481 /* Pods_FlixterTests.framework in Frameworks */,
			);
			runOnlyForDeploymentPostprocessing = 0;
		};
		4F7AA13A285A4E4900B2A17C /* Frameworks */ = {
			isa = PBXFrameworksBuildPhase;
			buildActionMask = 2147483647;
			files = (
				E79410000DC01FEE4609FE5F /* Pods_Flixter_FlixterUITests.framework in Frameworks */,
			);
			runOnlyForDeploymentPostprocessing = 0;
		};
/* End PBXFrameworksBuildPhase section */

/* Begin PBXGroup section */
		4F7AA10F285A4E4800B2A17C = {
			isa = PBXGroup;
			children = (
				4F7AA11A285A4E4800B2A17C /* Flixter */,
				4F7AA136285A4E4900B2A17C /* FlixterTests */,
				4F7AA140285A4E4900B2A17C /* FlixterUITests */,
				4F7AA119285A4E4800B2A17C /* Products */,
				E4580BC77EE46D38BAD00807 /* Pods */,
				4FF18BE072BC01ABD665A07B /* Frameworks */,
			);
			sourceTree = "<group>";
		};
		4F7AA119285A4E4800B2A17C /* Products */ = {
			isa = PBXGroup;
			children = (
				4F7AA118285A4E4800B2A17C /* Flixter.app */,
				4F7AA133285A4E4900B2A17C /* FlixterTests.xctest */,
				4F7AA13D285A4E4900B2A17C /* FlixterUITests.xctest */,
			);
			name = Products;
			sourceTree = "<group>";
		};
		4F7AA11A285A4E4800B2A17C /* Flixter */ = {
			isa = PBXGroup;
			children = (
				4F7AA11B285A4E4800B2A17C /* AppDelegate.h */,
				4F7AA11C285A4E4800B2A17C /* AppDelegate.m */,
				4F7AA11E285A4E4800B2A17C /* SceneDelegate.h */,
				4F7AA11F285A4E4800B2A17C /* SceneDelegate.m */,
				4F7AA124285A4E4800B2A17C /* Main.storyboard */,
				4F1CA8C1285A891000FA5C65 /* myTableViewCell.h */,
				4F1CA8C2285A891000FA5C65 /* myTableViewCell.m */,
				4F1CA8BE285A744300FA5C65 /* MovieViewController.h */,
				4F1CA8BF285A744300FA5C65 /* MovieViewController.m */,
				4F1A0226285BEA60007D5C83 /* GridViewController.h */,
				4F1A0227285BEA60007D5C83 /* GridViewController.m */,
				4F7AA127285A4E4900B2A17C /* Assets.xcassets */,
				4F7AA129285A4E4900B2A17C /* LaunchScreen.storyboard */,
				4F7AA12C285A4E4900B2A17C /* Info.plist */,
				4F7AA12D285A4E4900B2A17C /* main.m */,
				4F1A0223285BC70D007D5C83 /* DetailsViewController.h */,
				4F1A0224285BC70D007D5C83 /* DetailsViewController.m */,
				4F1A0232285CE414007D5C83 /* MyCollectionViewCell.h */,
				4F1A0233285CE414007D5C83 /* MyCollectionViewCell.m */,
			);
			path = Flixter;
			sourceTree = "<group>";
		};
		4F7AA136285A4E4900B2A17C /* FlixterTests */ = {
			isa = PBXGroup;
			children = (
				4F7AA137285A4E4900B2A17C /* FlixterTests.m */,
			);
			path = FlixterTests;
			sourceTree = "<group>";
		};
		4F7AA140285A4E4900B2A17C /* FlixterUITests */ = {
			isa = PBXGroup;
			children = (
				4F7AA141285A4E4900B2A17C /* FlixterUITests.m */,
				4F7AA143285A4E4900B2A17C /* FlixterUITestsLaunchTests.m */,
			);
			path = FlixterUITests;
			sourceTree = "<group>";
		};
		4FF18BE072BC01ABD665A07B /* Frameworks */ = {
			isa = PBXGroup;
			children = (
				7BC8AEE24651B185AE7ED624 /* Pods_Flixter.framework */,
				F9E736E5E2EBDEA3F7474B79 /* Pods_Flixter_FlixterUITests.framework */,
				0040E93AA92AAEDD5AA8D46D /* Pods_FlixterTests.framework */,
			);
			name = Frameworks;
			sourceTree = "<group>";
		};
		E4580BC77EE46D38BAD00807 /* Pods */ = {
			isa = PBXGroup;
			children = (
				5454131B6A3C2A476F3C4F9C /* Pods-Flixter.debug.xcconfig */,
				99BE3133B66472757F123077 /* Pods-Flixter.release.xcconfig */,
				74C359293033909F388D696F /* Pods-Flixter-FlixterUITests.debug.xcconfig */,
				AACBF1A17D61AF0125402FC7 /* Pods-Flixter-FlixterUITests.release.xcconfig */,
				53F5B124961FF04321A4C1AC /* Pods-FlixterTests.debug.xcconfig */,
				063B2CB7B8CBCEC8E3C4D816 /* Pods-FlixterTests.release.xcconfig */,
			);
			path = Pods;
			sourceTree = "<group>";
		};
/* End PBXGroup section */

/* Begin PBXNativeTarget section */
		4F7AA117285A4E4800B2A17C /* Flixter */ = {
			isa = PBXNativeTarget;
			buildConfigurationList = 4F7AA147285A4E4900B2A17C /* Build configuration list for PBXNativeTarget "Flixter" */;
			buildPhases = (
				49E80D0F309CED946B46D417 /* [CP] Check Pods Manifest.lock */,
				4F7AA114285A4E4800B2A17C /* Sources */,
				4F7AA115285A4E4800B2A17C /* Frameworks */,
				4F7AA116285A4E4800B2A17C /* Resources */,
				7060B3B8D020B61CF389AFE4 /* [CP] Embed Pods Frameworks */,
			);
			buildRules = (
			);
			dependencies = (
			);
			name = Flixter;
			productName = Flixter;
			productReference = 4F7AA118285A4E4800B2A17C /* Flixter.app */;
			productType = "com.apple.product-type.application";
		};
		4F7AA132285A4E4900B2A17C /* FlixterTests */ = {
			isa = PBXNativeTarget;
			buildConfigurationList = 4F7AA14A285A4E4900B2A17C /* Build configuration list for PBXNativeTarget "FlixterTests" */;
			buildPhases = (
				C9FD5B9495C41ABB54771CEF /* [CP] Check Pods Manifest.lock */,
				4F7AA12F285A4E4900B2A17C /* Sources */,
				4F7AA130285A4E4900B2A17C /* Frameworks */,
				4F7AA131285A4E4900B2A17C /* Resources */,
			);
			buildRules = (
			);
			dependencies = (
				4F7AA135285A4E4900B2A17C /* PBXTargetDependency */,
			);
			name = FlixterTests;
			productName = FlixterTests;
			productReference = 4F7AA133285A4E4900B2A17C /* FlixterTests.xctest */;
			productType = "com.apple.product-type.bundle.unit-test";
		};
		4F7AA13C285A4E4900B2A17C /* FlixterUITests */ = {
			isa = PBXNativeTarget;
			buildConfigurationList = 4F7AA14D285A4E4900B2A17C /* Build configuration list for PBXNativeTarget "FlixterUITests" */;
			buildPhases = (
				358EF7650C31A4C89A4192B9 /* [CP] Check Pods Manifest.lock */,
				4F7AA139285A4E4900B2A17C /* Sources */,
				4F7AA13A285A4E4900B2A17C /* Frameworks */,
				4F7AA13B285A4E4900B2A17C /* Resources */,
				5155E7FF579864FFA1CE2A4B /* [CP] Embed Pods Frameworks */,
			);
			buildRules = (
			);
			dependencies = (
				4F7AA13F285A4E4900B2A17C /* PBXTargetDependency */,
			);
			name = FlixterUITests;
			productName = FlixterUITests;
			productReference = 4F7AA13D285A4E4900B2A17C /* FlixterUITests.xctest */;
			productType = "com.apple.product-type.bundle.ui-testing";
		};
/* End PBXNativeTarget section */

/* Begin PBXProject section */
		4F7AA110285A4E4800B2A17C /* Project object */ = {
			isa = PBXProject;
			attributes = {
				BuildIndependentTargetsInParallel = 1;
				LastUpgradeCheck = 1340;
				TargetAttributes = {
					4F7AA117285A4E4800B2A17C = {
						CreatedOnToolsVersion = 13.4;
					};
					4F7AA132285A4E4900B2A17C = {
						CreatedOnToolsVersion = 13.4;
						TestTargetID = 4F7AA117285A4E4800B2A17C;
					};
					4F7AA13C285A4E4900B2A17C = {
						CreatedOnToolsVersion = 13.4;
						TestTargetID = 4F7AA117285A4E4800B2A17C;
					};
				};
			};
			buildConfigurationList = 4F7AA113285A4E4800B2A17C /* Build configuration list for PBXProject "Flixter" */;
			compatibilityVersion = "Xcode 13.0";
			developmentRegion = en;
			hasScannedForEncodings = 0;
			knownRegions = (
				en,
				Base,
			);
			mainGroup = 4F7AA10F285A4E4800B2A17C;
			productRefGroup = 4F7AA119285A4E4800B2A17C /* Products */;
			projectDirPath = "";
			projectRoot = "";
			targets = (
				4F7AA117285A4E4800B2A17C /* Flixter */,
				4F7AA132285A4E4900B2A17C /* FlixterTests */,
				4F7AA13C285A4E4900B2A17C /* FlixterUITests */,
			);
		};
/* End PBXProject section */

/* Begin PBXResourcesBuildPhase section */
		4F7AA116285A4E4800B2A17C /* Resources */ = {
			isa = PBXResourcesBuildPhase;
			buildActionMask = 2147483647;
			files = (
				4F7AA12B285A4E4900B2A17C /* LaunchScreen.storyboard in Resources */,
				4F7AA128285A4E4900B2A17C /* Assets.xcassets in Resources */,
				4F7AA126285A4E4800B2A17C /* Main.storyboard in Resources */,
			);
			runOnlyForDeploymentPostprocessing = 0;
		};
		4F7AA131285A4E4900B2A17C /* Resources */ = {
			isa = PBXResourcesBuildPhase;
			buildActionMask = 2147483647;
			files = (
			);
			runOnlyForDeploymentPostprocessing = 0;
		};
		4F7AA13B285A4E4900B2A17C /* Resources */ = {
			isa = PBXResourcesBuildPhase;
			buildActionMask = 2147483647;
			files = (
			);
			runOnlyForDeploymentPostprocessing = 0;
		};
/* End PBXResourcesBuildPhase section */

/* Begin PBXShellScriptBuildPhase section */
		358EF7650C31A4C89A4192B9 /* [CP] Check Pods Manifest.lock */ = {
			isa = PBXShellScriptBuildPhase;
			buildActionMask = 2147483647;
			files = (
			);
			inputFileListPaths = (
			);
			inputPaths = (
				"${PODS_PODFILE_DIR_PATH}/Podfile.lock",
				"${PODS_ROOT}/Manifest.lock",
			);
			name = "[CP] Check Pods Manifest.lock";
			outputFileListPaths = (
			);
			outputPaths = (
				"$(DERIVED_FILE_DIR)/Pods-Flixter-FlixterUITests-checkManifestLockResult.txt",
			);
			runOnlyForDeploymentPostprocessing = 0;
			shellPath = /bin/sh;
			shellScript = "diff \"${PODS_PODFILE_DIR_PATH}/Podfile.lock\" \"${PODS_ROOT}/Manifest.lock\" > /dev/null\nif [ $? != 0 ] ; then\n    # print error to STDERR\n    echo \"error: The sandbox is not in sync with the Podfile.lock. Run 'pod install' or update your CocoaPods installation.\" >&2\n    exit 1\nfi\n# This output is used by Xcode 'outputs' to avoid re-running this script phase.\necho \"SUCCESS\" > \"${SCRIPT_OUTPUT_FILE_0}\"\n";
			showEnvVarsInLog = 0;
		};
		49E80D0F309CED946B46D417 /* [CP] Check Pods Manifest.lock */ = {
			isa = PBXShellScriptBuildPhase;
			buildActionMask = 2147483647;
			files = (
			);
			inputFileListPaths = (
			);
			inputPaths = (
				"${PODS_PODFILE_DIR_PATH}/Podfile.lock",
				"${PODS_ROOT}/Manifest.lock",
			);
			name = "[CP] Check Pods Manifest.lock";
			outputFileListPaths = (
			);
			outputPaths = (
				"$(DERIVED_FILE_DIR)/Pods-Flixter-checkManifestLockResult.txt",
			);
			runOnlyForDeploymentPostprocessing = 0;
			shellPath = /bin/sh;
			shellScript = "diff \"${PODS_PODFILE_DIR_PATH}/Podfile.lock\" \"${PODS_ROOT}/Manifest.lock\" > /dev/null\nif [ $? != 0 ] ; then\n    # print error to STDERR\n    echo \"error: The sandbox is not in sync with the Podfile.lock. Run 'pod install' or update your CocoaPods installation.\" >&2\n    exit 1\nfi\n# This output is used by Xcode 'outputs' to avoid re-running this script phase.\necho \"SUCCESS\" > \"${SCRIPT_OUTPUT_FILE_0}\"\n";
			showEnvVarsInLog = 0;
		};
		5155E7FF579864FFA1CE2A4B /* [CP] Embed Pods Frameworks */ = {
			isa = PBXShellScriptBuildPhase;
			buildActionMask = 2147483647;
			files = (
			);
			inputFileListPaths = (
				"${PODS_ROOT}/Target Support Files/Pods-Flixter-FlixterUITests/Pods-Flixter-FlixterUITests-frameworks-${CONFIGURATION}-input-files.xcfilelist",
			);
			name = "[CP] Embed Pods Frameworks";
			outputFileListPaths = (
				"${PODS_ROOT}/Target Support Files/Pods-Flixter-FlixterUITests/Pods-Flixter-FlixterUITests-frameworks-${CONFIGURATION}-output-files.xcfilelist",
			);
			runOnlyForDeploymentPostprocessing = 0;
			shellPath = /bin/sh;
			shellScript = "\"${PODS_ROOT}/Target Support Files/Pods-Flixter-FlixterUITests/Pods-Flixter-FlixterUITests-frameworks.sh\"\n";
			showEnvVarsInLog = 0;
		};
		7060B3B8D020B61CF389AFE4 /* [CP] Embed Pods Frameworks */ = {
			isa = PBXShellScriptBuildPhase;
			buildActionMask = 2147483647;
			files = (
			);
			inputFileListPaths = (
				"${PODS_ROOT}/Target Support Files/Pods-Flixter/Pods-Flixter-frameworks-${CONFIGURATION}-input-files.xcfilelist",
			);
			name = "[CP] Embed Pods Frameworks";
			outputFileListPaths = (
				"${PODS_ROOT}/Target Support Files/Pods-Flixter/Pods-Flixter-frameworks-${CONFIGURATION}-output-files.xcfilelist",
			);
			runOnlyForDeploymentPostprocessing = 0;
			shellPath = /bin/sh;
			shellScript = "\"${PODS_ROOT}/Target Support Files/Pods-Flixter/Pods-Flixter-frameworks.sh\"\n";
			showEnvVarsInLog = 0;
		};
		C9FD5B9495C41ABB54771CEF /* [CP] Check Pods Manifest.lock */ = {
			isa = PBXShellScriptBuildPhase;
			buildActionMask = 2147483647;
			files = (
			);
			inputFileListPaths = (
			);
			inputPaths = (
				"${PODS_PODFILE_DIR_PATH}/Podfile.lock",
				"${PODS_ROOT}/Manifest.lock",
			);
			name = "[CP] Check Pods Manifest.lock";
			outputFileListPaths = (
			);
			outputPaths = (
				"$(DERIVED_FILE_DIR)/Pods-FlixterTests-checkManifestLockResult.txt",
			);
			runOnlyForDeploymentPostprocessing = 0;
			shellPath = /bin/sh;
			shellScript = "diff \"${PODS_PODFILE_DIR_PATH}/Podfile.lock\" \"${PODS_ROOT}/Manifest.lock\" > /dev/null\nif [ $? != 0 ] ; then\n    # print error to STDERR\n    echo \"error: The sandbox is not in sync with the Podfile.lock. Run 'pod install' or update your CocoaPods installation.\" >&2\n    exit 1\nfi\n# This output is used by Xcode 'outputs' to avoid re-running this script phase.\necho \"SUCCESS\" > \"${SCRIPT_OUTPUT_FILE_0}\"\n";
			showEnvVarsInLog = 0;
		};
/* End PBXShellScriptBuildPhase section */

/* Begin PBXSourcesBuildPhase section */
		4F7AA114285A4E4800B2A17C /* Sources */ = {
			isa = PBXSourcesBuildPhase;
			buildActionMask = 2147483647;
			files = (
				4F7AA11D285A4E4800B2A17C /* AppDelegate.m in Sources */,
				4F7AA12E285A4E4900B2A17C /* main.m in Sources */,
				4F7AA120285A4E4800B2A17C /* SceneDelegate.m in Sources */,
				4F1A0228285BEA60007D5C83 /* GridViewController.m in Sources */,
				4F1A0225285BC70D007D5C83 /* DetailsViewController.m in Sources */,
				4F1CA8C0285A744300FA5C65 /* MovieViewController.m in Sources */,
				4F1A0234285CE414007D5C83 /* MyCollectionViewCell.m in Sources */,
				4F1CA8C3285A891000FA5C65 /* myTableViewCell.m in Sources */,
			);
			runOnlyForDeploymentPostprocessing = 0;
		};
		4F7AA12F285A4E4900B2A17C /* Sources */ = {
			isa = PBXSourcesBuildPhase;
			buildActionMask = 2147483647;
			files = (
				4F7AA138285A4E4900B2A17C /* FlixterTests.m in Sources */,
			);
			runOnlyForDeploymentPostprocessing = 0;
		};
		4F7AA139285A4E4900B2A17C /* Sources */ = {
			isa = PBXSourcesBuildPhase;
			buildActionMask = 2147483647;
			files = (
				4F7AA142285A4E4900B2A17C /* FlixterUITests.m in Sources */,
				4F7AA144285A4E4900B2A17C /* FlixterUITestsLaunchTests.m in Sources */,
			);
			runOnlyForDeploymentPostprocessing = 0;
		};
/* End PBXSourcesBuildPhase section */

/* Begin PBXTargetDependency section */
		4F7AA135285A4E4900B2A17C /* PBXTargetDependency */ = {
			isa = PBXTargetDependency;
			target = 4F7AA117285A4E4800B2A17C /* Flixter */;
			targetProxy = 4F7AA134285A4E4900B2A17C /* PBXContainerItemProxy */;
		};
		4F7AA13F285A4E4900B2A17C /* PBXTargetDependency */ = {
			isa = PBXTargetDependency;
			target = 4F7AA117285A4E4800B2A17C /* Flixter */;
			targetProxy = 4F7AA13E285A4E4900B2A17C /* PBXContainerItemProxy */;
		};
/* End PBXTargetDependency section */

/* Begin PBXVariantGroup section */
		4F7AA124285A4E4800B2A17C /* Main.storyboard */ = {
			isa = PBXVariantGroup;
			children = (
				4F7AA125285A4E4800B2A17C /* Base */,
			);
			name = Main.storyboard;
			sourceTree = "<group>";
		};
		4F7AA129285A4E4900B2A17C /* LaunchScreen.storyboard */ = {
			isa = PBXVariantGroup;
			children = (
				4F7AA12A285A4E4900B2A17C /* Base */,
			);
			name = LaunchScreen.storyboard;
			sourceTree = "<group>";
		};
/* End PBXVariantGroup section */

/* Begin XCBuildConfiguration section */
		4F7AA145285A4E4900B2A17C /* Debug */ = {
			isa = XCBuildConfiguration;
			buildSettings = {
				ALWAYS_SEARCH_USER_PATHS = NO;
				CLANG_ANALYZER_NONNULL = YES;
				CLANG_ANALYZER_NUMBER_OBJECT_CONVERSION = YES_AGGRESSIVE;
				CLANG_CXX_LANGUAGE_STANDARD = "gnu++17";
				CLANG_ENABLE_MODULES = YES;
				CLANG_ENABLE_OBJC_ARC = YES;
				CLANG_ENABLE_OBJC_WEAK = YES;
				CLANG_WARN_BLOCK_CAPTURE_AUTORELEASING = YES;
				CLANG_WARN_BOOL_CONVERSION = YES;
				CLANG_WARN_COMMA = YES;
				CLANG_WARN_CONSTANT_CONVERSION = YES;
				CLANG_WARN_DEPRECATED_OBJC_IMPLEMENTATIONS = YES;
				CLANG_WARN_DIRECT_OBJC_ISA_USAGE = YES_ERROR;
				CLANG_WARN_DOCUMENTATION_COMMENTS = YES;
				CLANG_WARN_EMPTY_BODY = YES;
				CLANG_WARN_ENUM_CONVERSION = YES;
				CLANG_WARN_INFINITE_RECURSION = YES;
				CLANG_WARN_INT_CONVERSION = YES;
				CLANG_WARN_NON_LITERAL_NULL_CONVERSION = YES;
				CLANG_WARN_OBJC_IMPLICIT_RETAIN_SELF = YES;
				CLANG_WARN_OBJC_LITERAL_CONVERSION = YES;
				CLANG_WARN_OBJC_ROOT_CLASS = YES_ERROR;
				CLANG_WARN_QUOTED_INCLUDE_IN_FRAMEWORK_HEADER = YES;
				CLANG_WARN_RANGE_LOOP_ANALYSIS = YES;
				CLANG_WARN_STRICT_PROTOTYPES = YES;
				CLANG_WARN_SUSPICIOUS_MOVE = YES;
				CLANG_WARN_UNGUARDED_AVAILABILITY = YES_AGGRESSIVE;
				CLANG_WARN_UNREACHABLE_CODE = YES;
				CLANG_WARN__DUPLICATE_METHOD_MATCH = YES;
				COPY_PHASE_STRIP = NO;
				DEBUG_INFORMATION_FORMAT = dwarf;
				ENABLE_STRICT_OBJC_MSGSEND = YES;
				ENABLE_TESTABILITY = YES;
				GCC_C_LANGUAGE_STANDARD = gnu11;
				GCC_DYNAMIC_NO_PIC = NO;
				GCC_NO_COMMON_BLOCKS = YES;
				GCC_OPTIMIZATION_LEVEL = 0;
				GCC_PREPROCESSOR_DEFINITIONS = (
					"DEBUG=1",
					"$(inherited)",
				);
				GCC_WARN_64_TO_32_BIT_CONVERSION = YES;
				GCC_WARN_ABOUT_RETURN_TYPE = YES_ERROR;
				GCC_WARN_UNDECLARED_SELECTOR = YES;
				GCC_WARN_UNINITIALIZED_AUTOS = YES_AGGRESSIVE;
				GCC_WARN_UNUSED_FUNCTION = YES;
				GCC_WARN_UNUSED_VARIABLE = YES;
				IPHONEOS_DEPLOYMENT_TARGET = 15.5;
				MTL_ENABLE_DEBUG_INFO = INCLUDE_SOURCE;
				MTL_FAST_MATH = YES;
				ONLY_ACTIVE_ARCH = YES;
				SDKROOT = iphoneos;
			};
			name = Debug;
		};
		4F7AA146285A4E4900B2A17C /* Release */ = {
			isa = XCBuildConfiguration;
			buildSettings = {
				ALWAYS_SEARCH_USER_PATHS = NO;
				CLANG_ANALYZER_NONNULL = YES;
				CLANG_ANALYZER_NUMBER_OBJECT_CONVERSION = YES_AGGRESSIVE;
				CLANG_CXX_LANGUAGE_STANDARD = "gnu++17";
				CLANG_ENABLE_MODULES = YES;
				CLANG_ENABLE_OBJC_ARC = YES;
				CLANG_ENABLE_OBJC_WEAK = YES;
				CLANG_WARN_BLOCK_CAPTURE_AUTORELEASING = YES;
				CLANG_WARN_BOOL_CONVERSION = YES;
				CLANG_WARN_COMMA = YES;
				CLANG_WARN_CONSTANT_CONVERSION = YES;
				CLANG_WARN_DEPRECATED_OBJC_IMPLEMENTATIONS = YES;
				CLANG_WARN_DIRECT_OBJC_ISA_USAGE = YES_ERROR;
				CLANG_WARN_DOCUMENTATION_COMMENTS = YES;
				CLANG_WARN_EMPTY_BODY = YES;
				CLANG_WARN_ENUM_CONVERSION = YES;
				CLANG_WARN_INFINITE_RECURSION = YES;
				CLANG_WARN_INT_CONVERSION = YES;
				CLANG_WARN_NON_LITERAL_NULL_CONVERSION = YES;
				CLANG_WARN_OBJC_IMPLICIT_RETAIN_SELF = YES;
				CLANG_WARN_OBJC_LITERAL_CONVERSION = YES;
				CLANG_WARN_OBJC_ROOT_CLASS = YES_ERROR;
				CLANG_WARN_QUOTED_INCLUDE_IN_FRAMEWORK_HEADER = YES;
				CLANG_WARN_RANGE_LOOP_ANALYSIS = YES;
				CLANG_WARN_STRICT_PROTOTYPES = YES;
				CLANG_WARN_SUSPICIOUS_MOVE = YES;
				CLANG_WARN_UNGUARDED_AVAILABILITY = YES_AGGRESSIVE;
				CLANG_WARN_UNREACHABLE_CODE = YES;
				CLANG_WARN__DUPLICATE_METHOD_MATCH = YES;
				COPY_PHASE_STRIP = NO;
				DEBUG_INFORMATION_FORMAT = "dwarf-with-dsym";
				ENABLE_NS_ASSERTIONS = NO;
				ENABLE_STRICT_OBJC_MSGSEND = YES;
				GCC_C_LANGUAGE_STANDARD = gnu11;
				GCC_NO_COMMON_BLOCKS = YES;
				GCC_WARN_64_TO_32_BIT_CONVERSION = YES;
				GCC_WARN_ABOUT_RETURN_TYPE = YES_ERROR;
				GCC_WARN_UNDECLARED_SELECTOR = YES;
				GCC_WARN_UNINITIALIZED_AUTOS = YES_AGGRESSIVE;
				GCC_WARN_UNUSED_FUNCTION = YES;
				GCC_WARN_UNUSED_VARIABLE = YES;
				IPHONEOS_DEPLOYMENT_TARGET = 15.5;
				MTL_ENABLE_DEBUG_INFO = NO;
				MTL_FAST_MATH = YES;
				SDKROOT = iphoneos;
				VALIDATE_PRODUCT = YES;
			};
			name = Release;
		};
		4F7AA148285A4E4900B2A17C /* Debug */ = {
			isa = XCBuildConfiguration;
			baseConfigurationReference = 5454131B6A3C2A476F3C4F9C /* Pods-Flixter.debug.xcconfig */;
			buildSettings = {
				ASSETCATALOG_COMPILER_APPICON_NAME = AppIcon;
				ASSETCATALOG_COMPILER_GLOBAL_ACCENT_COLOR_NAME = AccentColor;
				CODE_SIGN_STYLE = Automatic;
				CURRENT_PROJECT_VERSION = 1;
				GENERATE_INFOPLIST_FILE = YES;
				INFOPLIST_FILE = Flixter/Info.plist;
				INFOPLIST_KEY_UIApplicationSupportsIndirectInputEvents = YES;
				INFOPLIST_KEY_UILaunchStoryboardName = LaunchScreen;
				INFOPLIST_KEY_UIMainStoryboardFile = Main;
				INFOPLIST_KEY_UISupportedInterfaceOrientations_iPad = "UIInterfaceOrientationPortrait UIInterfaceOrientationPortraitUpsideDown UIInterfaceOrientationLandscapeLeft UIInterfaceOrientationLandscapeRight";
				INFOPLIST_KEY_UISupportedInterfaceOrientations_iPhone = "UIInterfaceOrientationPortrait UIInterfaceOrientationLandscapeLeft UIInterfaceOrientationLandscapeRight";
				LD_RUNPATH_SEARCH_PATHS = (
					"$(inherited)",
					"@executable_path/Frameworks",
				);
				MARKETING_VERSION = 1.0;
				PRODUCT_BUNDLE_IDENTIFIER = com.codepath.Flixter;
				PRODUCT_NAME = "$(TARGET_NAME)";
				SWIFT_EMIT_LOC_STRINGS = YES;
				TARGETED_DEVICE_FAMILY = "1,2";
			};
			name = Debug;
		};
		4F7AA149285A4E4900B2A17C /* Release */ = {
			isa = XCBuildConfiguration;
			baseConfigurationReference = 99BE3133B66472757F123077 /* Pods-Flixter.release.xcconfig */;
			buildSettings = {
				ASSETCATALOG_COMPILER_APPICON_NAME = AppIcon;
				ASSETCATALOG_COMPILER_GLOBAL_ACCENT_COLOR_NAME = AccentColor;
				CODE_SIGN_STYLE = Automatic;
				CURRENT_PROJECT_VERSION = 1;
				GENERATE_INFOPLIST_FILE = YES;
				INFOPLIST_FILE = Flixter/Info.plist;
				INFOPLIST_KEY_UIApplicationSupportsIndirectInputEvents = YES;
				INFOPLIST_KEY_UILaunchStoryboardName = LaunchScreen;
				INFOPLIST_KEY_UIMainStoryboardFile = Main;
				INFOPLIST_KEY_UISupportedInterfaceOrientations_iPad = "UIInterfaceOrientationPortrait UIInterfaceOrientationPortraitUpsideDown UIInterfaceOrientationLandscapeLeft UIInterfaceOrientationLandscapeRight";
				INFOPLIST_KEY_UISupportedInterfaceOrientations_iPhone = "UIInterfaceOrientationPortrait UIInterfaceOrientationLandscapeLeft UIInterfaceOrientationLandscapeRight";
				LD_RUNPATH_SEARCH_PATHS = (
					"$(inherited)",
					"@executable_path/Frameworks",
				);
				MARKETING_VERSION = 1.0;
				PRODUCT_BUNDLE_IDENTIFIER = com.codepath.Flixter;
				PRODUCT_NAME = "$(TARGET_NAME)";
				SWIFT_EMIT_LOC_STRINGS = YES;
				TARGETED_DEVICE_FAMILY = "1,2";
			};
			name = Release;
		};
		4F7AA14B285A4E4900B2A17C /* Debug */ = {
			isa = XCBuildConfiguration;
			baseConfigurationReference = 53F5B124961FF04321A4C1AC /* Pods-FlixterTests.debug.xcconfig */;
			buildSettings = {
				BUNDLE_LOADER = "$(TEST_HOST)";
				CODE_SIGN_STYLE = Automatic;
				CURRENT_PROJECT_VERSION = 1;
				GENERATE_INFOPLIST_FILE = YES;
				IPHONEOS_DEPLOYMENT_TARGET = 15.5;
				MARKETING_VERSION = 1.0;
				PRODUCT_BUNDLE_IDENTIFIER = com.codepath.FlixterTests;
				PRODUCT_NAME = "$(TARGET_NAME)";
				SWIFT_EMIT_LOC_STRINGS = NO;
				TARGETED_DEVICE_FAMILY = "1,2";
				TEST_HOST = "$(BUILT_PRODUCTS_DIR)/Flixter.app/Flixter";
			};
			name = Debug;
		};
		4F7AA14C285A4E4900B2A17C /* Release */ = {
			isa = XCBuildConfiguration;
			baseConfigurationReference = 063B2CB7B8CBCEC8E3C4D816 /* Pods-FlixterTests.release.xcconfig */;
			buildSettings = {
				BUNDLE_LOADER = "$(TEST_HOST)";
				CODE_SIGN_STYLE = Automatic;
				CURRENT_PROJECT_VERSION = 1;
				GENERATE_INFOPLIST_FILE = YES;
				IPHONEOS_DEPLOYMENT_TARGET = 15.5;
				MARKETING_VERSION = 1.0;
				PRODUCT_BUNDLE_IDENTIFIER = com.codepath.FlixterTests;
				PRODUCT_NAME = "$(TARGET_NAME)";
				SWIFT_EMIT_LOC_STRINGS = NO;
				TARGETED_DEVICE_FAMILY = "1,2";
				TEST_HOST = "$(BUILT_PRODUCTS_DIR)/Flixter.app/Flixter";
			};
			name = Release;
		};
		4F7AA14E285A4E4900B2A17C /* Debug */ = {
			isa = XCBuildConfiguration;
			baseConfigurationReference = 74C359293033909F388D696F /* Pods-Flixter-FlixterUITests.debug.xcconfig */;
			buildSettings = {
				CODE_SIGN_STYLE = Automatic;
				CURRENT_PROJECT_VERSION = 1;
				GENERATE_INFOPLIST_FILE = YES;
				MARKETING_VERSION = 1.0;
				PRODUCT_BUNDLE_IDENTIFIER = com.codepath.FlixterUITests;
				PRODUCT_NAME = "$(TARGET_NAME)";
				SWIFT_EMIT_LOC_STRINGS = NO;
				TARGETED_DEVICE_FAMILY = "1,2";
				TEST_TARGET_NAME = Flixter;
			};
			name = Debug;
		};
		4F7AA14F285A4E4900B2A17C /* Release */ = {
			isa = XCBuildConfiguration;
			baseConfigurationReference = AACBF1A17D61AF0125402FC7 /* Pods-Flixter-FlixterUITests.release.xcconfig */;
			buildSettings = {
				CODE_SIGN_STYLE = Automatic;
				CURRENT_PROJECT_VERSION = 1;
				GENERATE_INFOPLIST_FILE = YES;
				MARKETING_VERSION = 1.0;
				PRODUCT_BUNDLE_IDENTIFIER = com.codepath.FlixterUITests;
				PRODUCT_NAME = "$(TARGET_NAME)";
				SWIFT_EMIT_LOC_STRINGS = NO;
				TARGETED_DEVICE_FAMILY = "1,2";
				TEST_TARGET_NAME = Flixter;
			};
			name = Release;
		};
/* End XCBuildConfiguration section */

/* Begin XCConfigurationList section */
		4F7AA113285A4E4800B2A17C /* Build configuration list for PBXProject "Flixter" */ = {
			isa = XCConfigurationList;
			buildConfigurations = (
				4F7AA145285A4E4900B2A17C /* Debug */,
				4F7AA146285A4E4900B2A17C /* Release */,
			);
			defaultConfigurationIsVisible = 0;
			defaultConfigurationName = Release;
		};
		4F7AA147285A4E4900B2A17C /* Build configuration list for PBXNativeTarget "Flixter" */ = {
			isa = XCConfigurationList;
			buildConfigurations = (
				4F7AA148285A4E4900B2A17C /* Debug */,
				4F7AA149285A4E4900B2A17C /* Release */,
			);
			defaultConfigurationIsVisible = 0;
			defaultConfigurationName = Release;
		};
		4F7AA14A285A4E4900B2A17C /* Build configuration list for PBXNativeTarget "FlixterTests" */ = {
			isa = XCConfigurationList;
			buildConfigurations = (
				4F7AA14B285A4E4900B2A17C /* Debug */,
				4F7AA14C285A4E4900B2A17C /* Release */,
			);
			defaultConfigurationIsVisible = 0;
			defaultConfigurationName = Release;
		};
		4F7AA14D285A4E4900B2A17C /* Build configuration list for PBXNativeTarget "FlixterUITests" */ = {
			isa = XCConfigurationList;
			buildConfigurations = (
				4F7AA14E285A4E4900B2A17C /* Debug */,
				4F7AA14F285A4E4900B2A17C /* Release */,
			);
			defaultConfigurationIsVisible = 0;
			defaultConfigurationName = Release;
		};
/* End XCConfigurationList section */
	};
	rootObject = 4F7AA110285A4E4800B2A17C /* Project object */;
}
